
Microsoft Visual Studio Solution File, Format Version 12.00
# Visual Studio Version 17
VisualStudioVersion = 17.11.35303.130
MinimumVisualStudioVersion = 10.0.40219.1
Project("{FAE04EC0-301F-11D3-BF4B-00C04F79EFBC}") = "DapperDemoParcial", "DapperDemoParcial\DapperDemoParcial.csproj", "{4ED6BD08-C84A-4BC6-A293-65039A8B67C1}"
EndProject
Project("{FAE04EC0-301F-11D3-BF4B-00C04F79EFBC}") = "AccesoDatos", "AccesoDatos\AccesoDatos.csproj", "{5BDBBC73-A46D-4AF7-BD1E-EE6FB0E79F0A}"
EndProject
Global
	GlobalSection(SolutionConfigurationPlatforms) = preSolution
		Debug|Any CPU = Debug|Any CPU
		Release|Any CPU = Release|Any CPU
	EndGlobalSection
	GlobalSection(ProjectConfigurationPlatforms) = postSolution
		{4ED6BD08-C84A-4BC6-A293-65039A8B67C1}.Debug|Any CPU.ActiveCfg = Debug|Any CPU
		{4ED6BD08-C84A-4BC6-A293-65039A8B67C1}.Debug|Any CPU.Build.0 = Debug|Any CPU
		{4ED6BD08-C84A-4BC6-A293-65039A8B67C1}.Release|Any CPU.ActiveCfg = Release|Any CPU
		{4ED6BD08-C84A-4BC6-A293-65039A8B67C1}.Release|Any CPU.Build.0 = Release|Any CPU
		{5BDBBC73-A46D-4AF7-BD1E-EE6FB0E79F0A}.Debug|Any CPU.ActiveCfg = Debug|Any CPU
		{5BDBBC73-A46D-4AF7-BD1E-EE6FB0E79F0A}.Debug|Any CPU.Build.0 = Debug|Any CPU
		{5BDBBC73-A46D-4AF7-BD1E-EE6FB0E79F0A}.Release|Any CPU.ActiveCfg = Release|Any CPU
		{5BDBBC73-A46D-4AF7-BD1E-EE6FB0E79F0A}.Release|Any CPU.Build.0 = Release|Any CPU
	EndGlobalSection
	GlobalSection(SolutionProperties) = preSolution
		HideSolutionNode = FALSE
	EndGlobalSection
	GlobalSection(ExtensibilityGlobals) = postSolution
		SolutionGuid = {D94642E0-FDEC-4DE5-85B4-52E29409E23D}
	EndGlobalSection
EndGlobal
